# generated by rye
# use `rye lock` or `rye sync` to update this lockfile
#
# last locked with the following flags:
#   pre: false
#   features: []
#   all-features: false
#   with-sources: false
#   generate-hashes: false
#   universal: false

-e file:.
aiohappyeyeballs==2.4.4
    # via aiohttp
    # via surrealdb
aiohttp==3.11.11
    # via surrealdb
aiosignal==1.3.2
    # via aiohttp
    # via surrealdb
async-timeout==5.0.1
    # via surrealdb
attrs==25.1.0
    # via aiohttp
    # via surrealdb
cbor2==5.6.5
    # via surrealdb
cerberus==1.3.7
    # via surrealdb
certifi==2024.12.14
    # via requests
    # via surrealdb
charset-normalizer==3.4.1
    # via requests
    # via surrealdb
frozenlist==1.5.0
    # via aiohttp
    # via aiosignal
    # via surrealdb
idna==3.10
    # via requests
    # via surrealdb
    # via yarl
ijson==3.3.0
    # via surreal-import
markdown-it-py==3.0.0
    # via rich
marshmallow==3.26.0
    # via surrealdb
mdurl==0.1.2
    # via markdown-it-py
multidict==6.1.0
    # via aiohttp
    # via surrealdb
    # via yarl
packaging==24.2
    # via marshmallow
    # via surrealdb
propcache==0.2.1
    # via aiohttp
    # via surrealdb
    # via yarl
pygments==2.19.1
    # via rich
pytz==2024.2
    # via surrealdb
requests==2.32.3
    # via surrealdb
rich==14.0.0
    # via surreal-import
surrealdb==1.0.3
    # via surreal-import
typing-extensions==4.12.2
    # via surrealdb
urllib3==2.3.0
    # via requests
    # via surrealdb
websockets==14.2
    # via surrealdb
yarl==1.18.3
    # via aiohttp
    # via surrealdb
